lockfileVersion: '6.0'

settings:
  autoInstallPeers: true
  excludeLinksFromLockfile: false

dependencies:
  nan:
    specifier: ^2.19.0
    version: 2.19.0

devDependencies:
  tree-sitter-cli:
    specifier: ^0.22.1
    version: 0.22.1

packages:

  /nan@2.19.0:
    resolution: {integrity: sha512-nO1xXxfh/RWNxfd/XPfbIfFk5vgLsAxUR9y5O0cHMJu/AW9U95JLXqthYHjEp+8gQ5p96K9jUp8nbVOxCdRbtw==}
    dev: false

  /tree-sitter-cli@0.22.1:
    resolution: {integrity: sha512-x8mAofHxNOesXCm7nF7iVmcTuD1/p0uKaWtV0Ss/OcAjBQs8mIuFtsCR5ABc1obC99PgUFluzIEfnLZWeLDucA==}
    hasBin: true
    requiresBuild: true
    dev: true
